
Microsoft Visual Studio Solution File, Format Version 12.00
# Visual Studio 14
VisualStudioVersion = 14.0.25420.1
MinimumVisualStudioVersion = 10.0.40219.1
Project("{FAE04EC0-301F-11D3-BF4B-00C04F79EFBC}") = "Object3", "Object3\Object3.csproj", "{C609650A-379F-4B4F-8A46-B5918F01D40F}"
EndProject
Project("{FAE04EC0-301F-11D3-BF4B-00C04F79EFBC}") = "Object4", "..\Object4\Object4.csproj", "{001FDC6E-840E-4A82-85E8-967CFB4C7E7F}"
EndProject
Global
	GlobalSection(SolutionConfigurationPlatforms) = preSolution
		Debug|Any CPU = Debug|Any CPU
		Release|Any CPU = Release|Any CPU
	EndGlobalSection
	GlobalSection(ProjectConfigurationPlatforms) = postSolution
		{C609650A-379F-4B4F-8A46-B5918F01D40F}.Debug|Any CPU.ActiveCfg = Debug|Any CPU
		{C609650A-379F-4B4F-8A46-B5918F01D40F}.Debug|Any CPU.Build.0 = Debug|Any CPU
		{C609650A-379F-4B4F-8A46-B5918F01D40F}.Release|Any CPU.ActiveCfg = Release|Any CPU
		{C609650A-379F-4B4F-8A46-B5918F01D40F}.Release|Any CPU.Build.0 = Release|Any CPU
		{001FDC6E-840E-4A82-85E8-967CFB4C7E7F}.Debug|Any CPU.ActiveCfg = Debug|Any CPU
		{001FDC6E-840E-4A82-85E8-967CFB4C7E7F}.Debug|Any CPU.Build.0 = Debug|Any CPU
		{001FDC6E-840E-4A82-85E8-967CFB4C7E7F}.Release|Any CPU.ActiveCfg = Release|Any CPU
		{001FDC6E-840E-4A82-85E8-967CFB4C7E7F}.Release|Any CPU.Build.0 = Release|Any CPU
	EndGlobalSection
	GlobalSection(SolutionProperties) = preSolution
		HideSolutionNode = FALSE
	EndGlobalSection
EndGlobal
